Microsoft Visual Studio Solution File, Format Version 12.00
# Visual Studio Version 17
VisualStudioVersion = 17.0.31611.283
MinimumVisualStudioVersion = 10.0.40219.1
Project("{9A19103F-16F7-4668-BE54-9A1E7A4F7556}") = "InventoryManagement", "InventoryManagement\InventoryManagement.csproj", "{06F7AFB5-E822-456D-B921-FE9A658D4623}"
EndProject
Project("{FAE04EC0-301F-11D3-BF4B-00C04F79EFBC}") = "UiComponents", "UiComponents\UiComponents.csproj", "{EA2C5987-0A76-4277-94FF-2D6151DEA456}"
EndProject
Project("{00D1A9C2-B5F0-4AF3-8072-F6C62B433612}") = "IMS", "IMS\IMS.sqlproj", "{64C7C3A6-C0FE-4C48-885F-C1162B5E6789}"
EndProject
Global
	GlobalSection(SolutionConfigurationPlatforms) = preSolution
		Debug|Any CPU = Debug|Any CPU
		Release|Any CPU = Release|Any CPU
	EndGlobalSection
	GlobalSection(ProjectConfigurationPlatforms) = postSolution
		{06F7AFB5-E822-456D-B921-FE9A658D4623}.Debug|Any CPU.ActiveCfg = Debug|Any CPU
		{06F7AFB5-E822-456D-B921-FE9A658D4623}.Debug|Any CPU.Build.0 = Debug|Any CPU
		{06F7AFB5-E822-456D-B921-FE9A658D4623}.Debug|Any CPU.Deploy.0 = Debug|Any CPU
		{06F7AFB5-E822-456D-B921-FE9A658D4623}.Release|Any CPU.ActiveCfg = Release|Any CPU
		{06F7AFB5-E822-456D-B921-FE9A658D4623}.Release|Any CPU.Build.0 = Release|Any CPU
		{06F7AFB5-E822-456D-B921-FE9A658D4623}.Release|Any CPU.Deploy.0 = Release|Any CPU
		{EA2C5987-0A76-4277-94FF-2D6151DEA456}.Debug|Any CPU.ActiveCfg = Debug|Any CPU
		{EA2C5987-0A76-4277-94FF-2D6151DEA456}.Debug|Any CPU.Build.0 = Debug|Any CPU
		{EA2C5987-0A76-4277-94FF-2D6151DEA456}.Release|Any CPU.ActiveCfg = Release|Any CPU
		{EA2C5987-0A76-4277-94FF-2D6151DEA456}.Release|Any CPU.Build.0 = Release|Any CPU
		{64C7C3A6-C0FE-4C48-885F-C1162B5E6789}.Debug|Any CPU.ActiveCfg = Debug|Any CPU
		{64C7C3A6-C0FE-4C48-885F-C1162B5E6789}.Debug|Any CPU.Build.0 = Debug|Any CPU
		{64C7C3A6-C0FE-4C48-885F-C1162B5E6789}.Debug|Any CPU.Deploy.0 = Debug|Any CPU
		{64C7C3A6-C0FE-4C48-885F-C1162B5E6789}.Release|Any CPU.ActiveCfg = Release|Any CPU
		{64C7C3A6-C0FE-4C48-885F-C1162B5E6789}.Release|Any CPU.Build.0 = Release|Any CPU
		{64C7C3A6-C0FE-4C48-885F-C1162B5E6789}.Release|Any CPU.Deploy.0 = Release|Any CPU
	EndGlobalSection
	GlobalSection(SolutionProperties) = preSolution
		HideSolutionNode = FALSE
	EndGlobalSection
	GlobalSection(ExtensibilityGlobals) = postSolution
		        SolutionGuid = {61F7FB11-1E47-470C-91E2-47F8143E1572}
		SolutionGuid = {D1A7E5F9-6582-409C-9359-4F0E9C537667}
	EndGlobalSection
EndGlobal
